
Microsoft Visual Studio Solution File, Format Version 12.00
# Visual Studio 15
VisualStudioVersion = 15.0.26730.12
MinimumVisualStudioVersion = 10.0.40219.1
Project("{FAE04EC0-301F-11D3-BF4B-00C04F79EFBC}") = "PaquetWorld", "PaquetWorld\PaquetWorld.csproj", "{DAD22FF8-971D-4079-98E6-04A276DBE07B}"
EndProject
Project("{FAE04EC0-301F-11D3-BF4B-00C04F79EFBC}") = "EditeurHugoLand", "TP#2 - HugoLandEditeur\EditeurHugoLand.csproj", "{99B9D438-E187-4B53-A534-3690CD20F1E4}"
EndProject
Global
	GlobalSection(SolutionConfigurationPlatforms) = preSolution
		Debug|Any CPU = Debug|Any CPU
		Release|Any CPU = Release|Any CPU
	EndGlobalSection
	GlobalSection(ProjectConfigurationPlatforms) = postSolution
		{DAD22FF8-971D-4079-98E6-04A276DBE07B}.Debug|Any CPU.ActiveCfg = Debug|Any CPU
		{DAD22FF8-971D-4079-98E6-04A276DBE07B}.Debug|Any CPU.Build.0 = Debug|Any CPU
		{DAD22FF8-971D-4079-98E6-04A276DBE07B}.Release|Any CPU.ActiveCfg = Release|Any CPU
		{DAD22FF8-971D-4079-98E6-04A276DBE07B}.Release|Any CPU.Build.0 = Release|Any CPU
		{99B9D438-E187-4B53-A534-3690CD20F1E4}.Debug|Any CPU.ActiveCfg = Debug|Any CPU
		{99B9D438-E187-4B53-A534-3690CD20F1E4}.Debug|Any CPU.Build.0 = Debug|Any CPU
		{99B9D438-E187-4B53-A534-3690CD20F1E4}.Release|Any CPU.ActiveCfg = Release|Any CPU
		{99B9D438-E187-4B53-A534-3690CD20F1E4}.Release|Any CPU.Build.0 = Release|Any CPU
	EndGlobalSection
	GlobalSection(SolutionProperties) = preSolution
		HideSolutionNode = FALSE
	EndGlobalSection
	GlobalSection(ExtensibilityGlobals) = postSolution
		SolutionGuid = {BEE996A4-6434-49C4-984B-EF98F4F70476}
	EndGlobalSection
EndGlobal
